
Microsoft Visual Studio Solution File, Format Version 12.00
# Visual Studio Version 16
VisualStudioVersion = 16.0.31624.102
MinimumVisualStudioVersion = 10.0.40219.1
Project("{FAE04EC0-301F-11D3-BF4B-00C04F79EFBC}") = "ApiCatalagoJogos", "ApiCatalagoJogos\ApiCatalagoJogos.csproj", "{34F8834E-4926-43E4-9D84-6AF9D54F7FE5}"
EndProject
Global
	GlobalSection(SolutionConfigurationPlatforms) = preSolution
		Debug|Any CPU = Debug|Any CPU
		Release|Any CPU = Release|Any CPU
	EndGlobalSection
	GlobalSection(ProjectConfigurationPlatforms) = postSolution
		{34F8834E-4926-43E4-9D84-6AF9D54F7FE5}.Debug|Any CPU.ActiveCfg = Debug|Any CPU
		{34F8834E-4926-43E4-9D84-6AF9D54F7FE5}.Debug|Any CPU.Build.0 = Debug|Any CPU
		{34F8834E-4926-43E4-9D84-6AF9D54F7FE5}.Release|Any CPU.ActiveCfg = Release|Any CPU
		{34F8834E-4926-43E4-9D84-6AF9D54F7FE5}.Release|Any CPU.Build.0 = Release|Any CPU
	EndGlobalSection
	GlobalSection(SolutionProperties) = preSolution
		HideSolutionNode = FALSE
	EndGlobalSection
	GlobalSection(ExtensibilityGlobals) = postSolution
		SolutionGuid = {AD4E0738-D8C6-441C-8C09-87512F8BA104}
	EndGlobalSection
EndGlobal
